
Microsoft Visual Studio Solution File, Format Version 12.00
# Visual Studio 15
Project("{FAE04EC0-301F-11D3-BF4B-00C04F79EFBC}") = "Assembly-CSharp", "Assembly-CSharp.csproj", "{A351F339-5B36-9018-8959-4B6C1104247A}"
EndProject
Project("{FAE04EC0-301F-11D3-BF4B-00C04F79EFBC}") = "Assembly-CSharp-Editor", "Assembly-CSharp-Editor.csproj", "{5C727214-9AF4-DF8A-FEB9-375431064F9E}"
EndProject
Global
	GlobalSection(SolutionConfigurationPlatforms) = preSolution
		Debug|Any CPU = Debug|Any CPU
		Release|Any CPU = Release|Any CPU
	EndGlobalSection
	GlobalSection(ProjectConfigurationPlatforms) = postSolution
		{A351F339-5B36-9018-8959-4B6C1104247A}.Debug|Any CPU.ActiveCfg = Debug|Any CPU
		{A351F339-5B36-9018-8959-4B6C1104247A}.Debug|Any CPU.Build.0 = Debug|Any CPU
		{A351F339-5B36-9018-8959-4B6C1104247A}.Release|Any CPU.ActiveCfg = Release|Any CPU
		{A351F339-5B36-9018-8959-4B6C1104247A}.Release|Any CPU.Build.0 = Release|Any CPU
		{5C727214-9AF4-DF8A-FEB9-375431064F9E}.Debug|Any CPU.ActiveCfg = Debug|Any CPU
		{5C727214-9AF4-DF8A-FEB9-375431064F9E}.Debug|Any CPU.Build.0 = Debug|Any CPU
		{5C727214-9AF4-DF8A-FEB9-375431064F9E}.Release|Any CPU.ActiveCfg = Release|Any CPU
		{5C727214-9AF4-DF8A-FEB9-375431064F9E}.Release|Any CPU.Build.0 = Release|Any CPU
	EndGlobalSection
	GlobalSection(SolutionProperties) = preSolution
		HideSolutionNode = FALSE
	EndGlobalSection
EndGlobal
